// !$*UTF8*$!
{
	archiveVersion = 1;
	classes = {
	};
	objectVersion = 55;
	objects = {

/* Begin PBXBuildFile section */
		3F98364E28CA3FB6008819BF /* InsertFoodsArray.swift in Sources */ = {isa = PBXBuildFile; fileRef = 3F98364D28CA3FB6008819BF /* InsertFoodsArray.swift */; };
		3F98365128CAE391008819BF /* DeleteRequest.swift in Sources */ = {isa = PBXBuildFile; fileRef = 3F98365028CAE391008819BF /* DeleteRequest.swift */; };
		3F98365328CAEA47008819BF /* DeleteButton.swift in Sources */ = {isa = PBXBuildFile; fileRef = 3F98365228CAEA47008819BF /* DeleteButton.swift */; };
		3FAA4A9A28CA1404004CE938 /* TabeteneAppApp.swift in Sources */ = {isa = PBXBuildFile; fileRef = 3FAA4A9928CA1404004CE938 /* TabeteneAppApp.swift */; };
		3FAA4A9C28CA1404004CE938 /* ContentView.swift in Sources */ = {isa = PBXBuildFile; fileRef = 3FAA4A9B28CA1404004CE938 /* ContentView.swift */; };
		3FAA4A9E28CA1405004CE938 /* Assets.xcassets in Resources */ = {isa = PBXBuildFile; fileRef = 3FAA4A9D28CA1405004CE938 /* Assets.xcassets */; };
		3FAA4AA128CA1405004CE938 /* Preview Assets.xcassets in Resources */ = {isa = PBXBuildFile; fileRef = 3FAA4AA028CA1405004CE938 /* Preview Assets.xcassets */; };
		3FAA4AA828CA1577004CE938 /* FoodsData.swift in Sources */ = {isa = PBXBuildFile; fileRef = 3FAA4AA728CA1577004CE938 /* FoodsData.swift */; };
		3FAA4AAA28CA162A004CE938 /* FoodList.swift in Sources */ = {isa = PBXBuildFile; fileRef = 3FAA4AA928CA162A004CE938 /* FoodList.swift */; };
		3FAA4AAC28CA165D004CE938 /* FoodRow.swift in Sources */ = {isa = PBXBuildFile; fileRef = 3FAA4AAB28CA165D004CE938 /* FoodRow.swift */; };
		3FAA4AAE28CA168F004CE938 /* PostRequest.swift in Sources */ = {isa = PBXBuildFile; fileRef = 3FAA4AAD28CA168F004CE938 /* PostRequest.swift */; };
/* End PBXBuildFile section */

/* Begin PBXFileReference section */
		3F98364D28CA3FB6008819BF /* InsertFoodsArray.swift */ = {isa = PBXFileReference; lastKnownFileType = sourcecode.swift; path = InsertFoodsArray.swift; sourceTree = "<group>"; };
		3F98365028CAE391008819BF /* DeleteRequest.swift */ = {isa = PBXFileReference; lastKnownFileType = sourcecode.swift; path = DeleteRequest.swift; sourceTree = "<group>"; };
		3F98365228CAEA47008819BF /* DeleteButton.swift */ = {isa = PBXFileReference; lastKnownFileType = sourcecode.swift; path = DeleteButton.swift; sourceTree = "<group>"; };
		3FAA4A9628CA1404004CE938 /* TabeteneApp.app */ = {isa = PBXFileReference; explicitFileType = wrapper.application; includeInIndex = 0; path = TabeteneApp.app; sourceTree = BUILT_PRODUCTS_DIR; };
		3FAA4A9928CA1404004CE938 /* TabeteneAppApp.swift */ = {isa = PBXFileReference; lastKnownFileType = sourcecode.swift; path = TabeteneAppApp.swift; sourceTree = "<group>"; };
		3FAA4A9B28CA1404004CE938 /* ContentView.swift */ = {isa = PBXFileReference; lastKnownFileType = sourcecode.swift; path = ContentView.swift; sourceTree = "<group>"; };
		3FAA4A9D28CA1405004CE938 /* Assets.xcassets */ = {isa = PBXFileReference; lastKnownFileType = folder.assetcatalog; path = Assets.xcassets; sourceTree = "<group>"; };
		3FAA4AA028CA1405004CE938 /* Preview Assets.xcassets */ = {isa = PBXFileReference; lastKnownFileType = folder.assetcatalog; path = "Preview Assets.xcassets"; sourceTree = "<group>"; };
		3FAA4AA728CA1577004CE938 /* FoodsData.swift */ = {isa = PBXFileReference; lastKnownFileType = sourcecode.swift; path = FoodsData.swift; sourceTree = "<group>"; };
		3FAA4AA928CA162A004CE938 /* FoodList.swift */ = {isa = PBXFileReference; lastKnownFileType = sourcecode.swift; path = FoodList.swift; sourceTree = "<group>"; };
		3FAA4AAB28CA165D004CE938 /* FoodRow.swift */ = {isa = PBXFileReference; lastKnownFileType = sourcecode.swift; path = FoodRow.swift; sourceTree = "<group>"; };
		3FAA4AAD28CA168F004CE938 /* PostRequest.swift */ = {isa = PBXFileReference; lastKnownFileType = sourcecode.swift; path = PostRequest.swift; sourceTree = "<group>"; };
		3FAA4AAF28CA16C8004CE938 /* Info.plist */ = {isa = PBXFileReference; lastKnownFileType = text.plist; path = Info.plist; sourceTree = "<group>"; };
/* End PBXFileReference section */

/* Begin PBXFrameworksBuildPhase section */
		3FAA4A9328CA1404004CE938 /* Frameworks */ = {
			isa = PBXFrameworksBuildPhase;
			buildActionMask = 2147483647;
			files = (
			);
			runOnlyForDeploymentPostprocessing = 0;
		};
/* End PBXFrameworksBuildPhase section */

/* Begin PBXGroup section */
		3F98364F28CAE057008819BF /* trash */ = {
			isa = PBXGroup;
			children = (
				3F98364D28CA3FB6008819BF /* InsertFoodsArray.swift */,
			);
			path = trash;
			sourceTree = "<group>";
		};
		3FAA4A8D28CA1404004CE938 = {
			isa = PBXGroup;
			children = (
				3F98364F28CAE057008819BF /* trash */,
				3FAA4A9828CA1404004CE938 /* TabeteneApp */,
				3FAA4A9728CA1404004CE938 /* Products */,
			);
			sourceTree = "<group>";
		};
		3FAA4A9728CA1404004CE938 /* Products */ = {
			isa = PBXGroup;
			children = (
				3FAA4A9628CA1404004CE938 /* TabeteneApp.app */,
			);
			name = Products;
			sourceTree = "<group>";
		};
		3FAA4A9828CA1404004CE938 /* TabeteneApp */ = {
			isa = PBXGroup;
			children = (
				3FAA4AAF28CA16C8004CE938 /* Info.plist */,
				3FAA4A9928CA1404004CE938 /* TabeteneAppApp.swift */,
				3FAA4AA728CA1577004CE938 /* FoodsData.swift */,
				3F98365028CAE391008819BF /* DeleteRequest.swift */,
				3FAA4A9B28CA1404004CE938 /* ContentView.swift */,
				3FAA4AA928CA162A004CE938 /* FoodList.swift */,
				3F98365228CAEA47008819BF /* DeleteButton.swift */,
				3FAA4AAB28CA165D004CE938 /* FoodRow.swift */,
				3FAA4AAD28CA168F004CE938 /* PostRequest.swift */,
				3FAA4A9D28CA1405004CE938 /* Assets.xcassets */,
				3FAA4A9F28CA1405004CE938 /* Preview Content */,
			);
			path = TabeteneApp;
			sourceTree = "<group>";
		};
		3FAA4A9F28CA1405004CE938 /* Preview Content */ = {
			isa = PBXGroup;
			children = (
				3FAA4AA028CA1405004CE938 /* Preview Assets.xcassets */,
			);
			path = "Preview Content";
			sourceTree = "<group>";
		};
/* End PBXGroup section */

/* Begin PBXNativeTarget section */
		3FAA4A9528CA1404004CE938 /* TabeteneApp */ = {
			isa = PBXNativeTarget;
			buildConfigurationList = 3FAA4AA428CA1405004CE938 /* Build configuration list for PBXNativeTarget "TabeteneApp" */;
			buildPhases = (
				3FAA4A9228CA1404004CE938 /* Sources */,
				3FAA4A9328CA1404004CE938 /* Frameworks */,
				3FAA4A9428CA1404004CE938 /* Resources */,
			);
			buildRules = (
			);
			dependencies = (
			);
			name = TabeteneApp;
			productName = TabeteneApp;
			productReference = 3FAA4A9628CA1404004CE938 /* TabeteneApp.app */;
			productType = "com.apple.product-type.application";
		};
/* End PBXNativeTarget section */

/* Begin PBXProject section */
		3FAA4A8E28CA1404004CE938 /* Project object */ = {
			isa = PBXProject;
			attributes = {
				BuildIndependentTargetsInParallel = 1;
				LastSwiftUpdateCheck = 1340;
				LastUpgradeCheck = 1340;
				TargetAttributes = {
					3FAA4A9528CA1404004CE938 = {
						CreatedOnToolsVersion = 13.4.1;
					};
				};
			};
			buildConfigurationList = 3FAA4A9128CA1404004CE938 /* Build configuration list for PBXProject "TabeteneApp" */;
			compatibilityVersion = "Xcode 13.0";
			developmentRegion = en;
			hasScannedForEncodings = 0;
			knownRegions = (
				en,
				Base,
			);
			mainGroup = 3FAA4A8D28CA1404004CE938;
			productRefGroup = 3FAA4A9728CA1404004CE938 /* Products */;
			projectDirPath = "";
			projectRoot = "";
			targets = (
				3FAA4A9528CA1404004CE938 /* TabeteneApp */,
			);
		};
/* End PBXProject section */

/* Begin PBXResourcesBuildPhase section */
		3FAA4A9428CA1404004CE938 /* Resources */ = {
			isa = PBXResourcesBuildPhase;
			buildActionMask = 2147483647;
			files = (
				3FAA4AA128CA1405004CE938 /* Preview Assets.xcassets in Resources */,
				3FAA4A9E28CA1405004CE938 /* Assets.xcassets in Resources */,
			);
			runOnlyForDeploymentPostprocessing = 0;
		};
/* End PBXResourcesBuildPhase section */

/* Begin PBXSourcesBuildPhase section */
		3FAA4A9228CA1404004CE938 /* Sources */ = {
			isa = PBXSourcesBuildPhase;
			buildActionMask = 2147483647;
			files = (
				3FAA4A9C28CA1404004CE938 /* ContentView.swift in Sources */,
				3FAA4AAE28CA168F004CE938 /* PostRequest.swift in Sources */,
				3F98365128CAE391008819BF /* DeleteRequest.swift in Sources */,
				3FAA4AAA28CA162A004CE938 /* FoodList.swift in Sources */,
				3FAA4A9A28CA1404004CE938 /* TabeteneAppApp.swift in Sources */,
				3F98365328CAEA47008819BF /* DeleteButton.swift in Sources */,
				3F98364E28CA3FB6008819BF /* InsertFoodsArray.swift in Sources */,
				3FAA4AAC28CA165D004CE938 /* FoodRow.swift in Sources */,
				3FAA4AA828CA1577004CE938 /* FoodsData.swift in Sources */,
			);
			runOnlyForDeploymentPostprocessing = 0;
		};
/* End PBXSourcesBuildPhase section */

/* Begin XCBuildConfiguration section */
		3FAA4AA228CA1405004CE938 /* Debug */ = {
			isa = XCBuildConfiguration;
			buildSettings = {
				ALWAYS_SEARCH_USER_PATHS = NO;
				CLANG_ANALYZER_NONNULL = YES;
				CLANG_ANALYZER_NUMBER_OBJECT_CONVERSION = YES_AGGRESSIVE;
				CLANG_CXX_LANGUAGE_STANDARD = "gnu++17";
				CLANG_ENABLE_MODULES = YES;
				CLANG_ENABLE_OBJC_ARC = YES;
				CLANG_ENABLE_OBJC_WEAK = YES;
				CLANG_WARN_BLOCK_CAPTURE_AUTORELEASING = YES;
				CLANG_WARN_BOOL_CONVERSION = YES;
				CLANG_WARN_COMMA = YES;
				CLANG_WARN_CONSTANT_CONVERSION = YES;
				CLANG_WARN_DEPRECATED_OBJC_IMPLEMENTATIONS = YES;
				CLANG_WARN_DIRECT_OBJC_ISA_USAGE = YES_ERROR;
				CLANG_WARN_DOCUMENTATION_COMMENTS = YES;
				CLANG_WARN_EMPTY_BODY = YES;
				CLANG_WARN_ENUM_CONVERSION = YES;
				CLANG_WARN_INFINITE_RECURSION = YES;
				CLANG_WARN_INT_CONVERSION = YES;
				CLANG_WARN_NON_LITERAL_NULL_CONVERSION = YES;
				CLANG_WARN_OBJC_IMPLICIT_RETAIN_SELF = YES;
				CLANG_WARN_OBJC_LITERAL_CONVERSION = YES;
				CLANG_WARN_OBJC_ROOT_CLASS = YES_ERROR;
				CLANG_WARN_QUOTED_INCLUDE_IN_FRAMEWORK_HEADER = YES;
				CLANG_WARN_RANGE_LOOP_ANALYSIS = YES;
				CLANG_WARN_STRICT_PROTOTYPES = YES;
				CLANG_WARN_SUSPICIOUS_MOVE = YES;
				CLANG_WARN_UNGUARDED_AVAILABILITY = YES_AGGRESSIVE;
				CLANG_WARN_UNREACHABLE_CODE = YES;
				CLANG_WARN__DUPLICATE_METHOD_MATCH = YES;
				COPY_PHASE_STRIP = NO;
				DEBUG_INFORMATION_FORMAT = dwarf;
				ENABLE_STRICT_OBJC_MSGSEND = YES;
				ENABLE_TESTABILITY = YES;
				GCC_C_LANGUAGE_STANDARD = gnu11;
				GCC_DYNAMIC_NO_PIC = NO;
				GCC_NO_COMMON_BLOCKS = YES;
				GCC_OPTIMIZATION_LEVEL = 0;
				GCC_PREPROCESSOR_DEFINITIONS = (
					"DEBUG=1",
					"$(inherited)",
				);
				GCC_WARN_64_TO_32_BIT_CONVERSION = YES;
				GCC_WARN_ABOUT_RETURN_TYPE = YES_ERROR;
				GCC_WARN_UNDECLARED_SELECTOR = YES;
				GCC_WARN_UNINITIALIZED_AUTOS = YES_AGGRESSIVE;
				GCC_WARN_UNUSED_FUNCTION = YES;
				GCC_WARN_UNUSED_VARIABLE = YES;
				IPHONEOS_DEPLOYMENT_TARGET = 15.5;
				MTL_ENABLE_DEBUG_INFO = INCLUDE_SOURCE;
				MTL_FAST_MATH = YES;
				ONLY_ACTIVE_ARCH = YES;
				SDKROOT = iphoneos;
				SWIFT_ACTIVE_COMPILATION_CONDITIONS = DEBUG;
				SWIFT_OPTIMIZATION_LEVEL = "-Onone";
			};
			name = Debug;
		};
		3FAA4AA328CA1405004CE938 /* Release */ = {
			isa = XCBuildConfiguration;
			buildSettings = {
				ALWAYS_SEARCH_USER_PATHS = NO;
				CLANG_ANALYZER_NONNULL = YES;
				CLANG_ANALYZER_NUMBER_OBJECT_CONVERSION = YES_AGGRESSIVE;
				CLANG_CXX_LANGUAGE_STANDARD = "gnu++17";
				CLANG_ENABLE_MODULES = YES;
				CLANG_ENABLE_OBJC_ARC = YES;
				CLANG_ENABLE_OBJC_WEAK = YES;
				CLANG_WARN_BLOCK_CAPTURE_AUTORELEASING = YES;
				CLANG_WARN_BOOL_CONVERSION = YES;
				CLANG_WARN_COMMA = YES;
				CLANG_WARN_CONSTANT_CONVERSION = YES;
				CLANG_WARN_DEPRECATED_OBJC_IMPLEMENTATIONS = YES;
				CLANG_WARN_DIRECT_OBJC_ISA_USAGE = YES_ERROR;
				CLANG_WARN_DOCUMENTATION_COMMENTS = YES;
				CLANG_WARN_EMPTY_BODY = YES;
				CLANG_WARN_ENUM_CONVERSION = YES;
				CLANG_WARN_INFINITE_RECURSION = YES;
				CLANG_WARN_INT_CONVERSION = YES;
				CLANG_WARN_NON_LITERAL_NULL_CONVERSION = YES;
				CLANG_WARN_OBJC_IMPLICIT_RETAIN_SELF = YES;
				CLANG_WARN_OBJC_LITERAL_CONVERSION = YES;
				CLANG_WARN_OBJC_ROOT_CLASS = YES_ERROR;
				CLANG_WARN_QUOTED_INCLUDE_IN_FRAMEWORK_HEADER = YES;
				CLANG_WARN_RANGE_LOOP_ANALYSIS = YES;
				CLANG_WARN_STRICT_PROTOTYPES = YES;
				CLANG_WARN_SUSPICIOUS_MOVE = YES;
				CLANG_WARN_UNGUARDED_AVAILABILITY = YES_AGGRESSIVE;
				CLANG_WARN_UNREACHABLE_CODE = YES;
				CLANG_WARN__DUPLICATE_METHOD_MATCH = YES;
				COPY_PHASE_STRIP = NO;
				DEBUG_INFORMATION_FORMAT = "dwarf-with-dsym";
				ENABLE_NS_ASSERTIONS = NO;
				ENABLE_STRICT_OBJC_MSGSEND = YES;
				GCC_C_LANGUAGE_STANDARD = gnu11;
				GCC_NO_COMMON_BLOCKS = YES;
				GCC_WARN_64_TO_32_BIT_CONVERSION = YES;
				GCC_WARN_ABOUT_RETURN_TYPE = YES_ERROR;
				GCC_WARN_UNDECLARED_SELECTOR = YES;
				GCC_WARN_UNINITIALIZED_AUTOS = YES_AGGRESSIVE;
				GCC_WARN_UNUSED_FUNCTION = YES;
				GCC_WARN_UNUSED_VARIABLE = YES;
				IPHONEOS_DEPLOYMENT_TARGET = 15.5;
				MTL_ENABLE_DEBUG_INFO = NO;
				MTL_FAST_MATH = YES;
				SDKROOT = iphoneos;
				SWIFT_COMPILATION_MODE = wholemodule;
				SWIFT_OPTIMIZATION_LEVEL = "-O";
				VALIDATE_PRODUCT = YES;
			};
			name = Release;
		};
		3FAA4AA528CA1405004CE938 /* Debug */ = {
			isa = XCBuildConfiguration;
			buildSettings = {
				ASSETCATALOG_COMPILER_APPICON_NAME = AppIcon;
				ASSETCATALOG_COMPILER_GLOBAL_ACCENT_COLOR_NAME = AccentColor;
				CODE_SIGN_STYLE = Automatic;
				CURRENT_PROJECT_VERSION = 1;
				DEVELOPMENT_ASSET_PATHS = "\"TabeteneApp/Preview Content\"";
				ENABLE_PREVIEWS = YES;
				GENERATE_INFOPLIST_FILE = YES;
				INFOPLIST_FILE = TabeteneApp/Info.plist;
				INFOPLIST_KEY_CFBundleDisplayName = "";
				INFOPLIST_KEY_LSApplicationCategoryType = "";
				INFOPLIST_KEY_UIApplicationSceneManifest_Generation = YES;
				INFOPLIST_KEY_UIApplicationSupportsIndirectInputEvents = YES;
				INFOPLIST_KEY_UILaunchScreen_Generation = YES;
				INFOPLIST_KEY_UISupportedInterfaceOrientations_iPad = "UIInterfaceOrientationPortrait UIInterfaceOrientationPortraitUpsideDown UIInterfaceOrientationLandscapeLeft UIInterfaceOrientationLandscapeRight";
				INFOPLIST_KEY_UISupportedInterfaceOrientations_iPhone = "UIInterfaceOrientationPortrait UIInterfaceOrientationLandscapeLeft UIInterfaceOrientationLandscapeRight";
				LD_RUNPATH_SEARCH_PATHS = (
					"$(inherited)",
					"@executable_path/Frameworks",
				);
				MARKETING_VERSION = 1.0;
				PRODUCT_BUNDLE_IDENTIFIER = com.gmail.anzu23.i.TabeteneApp;
				PRODUCT_NAME = "$(TARGET_NAME)";
				SWIFT_EMIT_LOC_STRINGS = YES;
				SWIFT_VERSION = 5.0;
				TARGETED_DEVICE_FAMILY = "1,2";
			};
			name = Debug;
		};
		3FAA4AA628CA1405004CE938 /* Release */ = {
			isa = XCBuildConfiguration;
			buildSettings = {
				ASSETCATALOG_COMPILER_APPICON_NAME = AppIcon;
				ASSETCATALOG_COMPILER_GLOBAL_ACCENT_COLOR_NAME = AccentColor;
				CODE_SIGN_STYLE = Automatic;
				CURRENT_PROJECT_VERSION = 1;
				DEVELOPMENT_ASSET_PATHS = "\"TabeteneApp/Preview Content\"";
				ENABLE_PREVIEWS = YES;
				GENERATE_INFOPLIST_FILE = YES;
				INFOPLIST_FILE = TabeteneApp/Info.plist;
				INFOPLIST_KEY_CFBundleDisplayName = "";
				INFOPLIST_KEY_LSApplicationCategoryType = "";
				INFOPLIST_KEY_UIApplicationSceneManifest_Generation = YES;
				INFOPLIST_KEY_UIApplicationSupportsIndirectInputEvents = YES;
				INFOPLIST_KEY_UILaunchScreen_Generation = YES;
				INFOPLIST_KEY_UISupportedInterfaceOrientations_iPad = "UIInterfaceOrientationPortrait UIInterfaceOrientationPortraitUpsideDown UIInterfaceOrientationLandscapeLeft UIInterfaceOrientationLandscapeRight";
				INFOPLIST_KEY_UISupportedInterfaceOrientations_iPhone = "UIInterfaceOrientationPortrait UIInterfaceOrientationLandscapeLeft UIInterfaceOrientationLandscapeRight";
				LD_RUNPATH_SEARCH_PATHS = (
					"$(inherited)",
					"@executable_path/Frameworks",
				);
				MARKETING_VERSION = 1.0;
				PRODUCT_BUNDLE_IDENTIFIER = com.gmail.anzu23.i.TabeteneApp;
				PRODUCT_NAME = "$(TARGET_NAME)";
				SWIFT_EMIT_LOC_STRINGS = YES;
				SWIFT_VERSION = 5.0;
				TARGETED_DEVICE_FAMILY = "1,2";
			};
			name = Release;
		};
/* End XCBuildConfiguration section */

/* Begin XCConfigurationList section */
		3FAA4A9128CA1404004CE938 /* Build configuration list for PBXProject "TabeteneApp" */ = {
			isa = XCConfigurationList;
			buildConfigurations = (
				3FAA4AA228CA1405004CE938 /* Debug */,
				3FAA4AA328CA1405004CE938 /* Release */,
			);
			defaultConfigurationIsVisible = 0;
			defaultConfigurationName = Release;
		};
		3FAA4AA428CA1405004CE938 /* Build configuration list for PBXNativeTarget "TabeteneApp" */ = {
			isa = XCConfigurationList;
			buildConfigurations = (
				3FAA4AA528CA1405004CE938 /* Debug */,
				3FAA4AA628CA1405004CE938 /* Release */,
			);
			defaultConfigurationIsVisible = 0;
			defaultConfigurationName = Release;
		};
/* End XCConfigurationList section */
	};
	rootObject = 3FAA4A8E28CA1404004CE938 /* Project object */;
}
